// !$*UTF8*$!
{
	archiveVersion = 1;
	classes = {
	};
	objectVersion = 56;
	objects = {

/* Begin PBXBuildFile section */
		8245A0422971A8A4007DAC04 /* AppDelegate.swift in Sources */ = {isa = PBXBuildFile; fileRef = 8245A0412971A8A4007DAC04 /* AppDelegate.swift */; };
		8245A0442971A8A4007DAC04 /* SceneDelegate.swift in Sources */ = {isa = PBXBuildFile; fileRef = 8245A0432971A8A4007DAC04 /* SceneDelegate.swift */; };
		8245A0462971A8A4007DAC04 /* ViewController.swift in Sources */ = {isa = PBXBuildFile; fileRef = 8245A0452971A8A4007DAC04 /* ViewController.swift */; };
		8245A04B2971A8A5007DAC04 /* Assets.xcassets in Resources */ = {isa = PBXBuildFile; fileRef = 8245A04A2971A8A5007DAC04 /* Assets.xcassets */; };
		8245A04E2971A8A5007DAC04 /* LaunchScreen.storyboard in Resources */ = {isa = PBXBuildFile; fileRef = 8245A04C2971A8A5007DAC04 /* LaunchScreen.storyboard */; };
		8245A0592971A8A6007DAC04 /* HackerEventTests.swift in Sources */ = {isa = PBXBuildFile; fileRef = 8245A0582971A8A6007DAC04 /* HackerEventTests.swift */; };
		8245A0632971A8A6007DAC04 /* HackerEventUITests.swift in Sources */ = {isa = PBXBuildFile; fileRef = 8245A0622971A8A6007DAC04 /* HackerEventUITests.swift */; };
		8245A0652971A8A6007DAC04 /* HackerEventUITestsLaunchTests.swift in Sources */ = {isa = PBXBuildFile; fileRef = 8245A0642971A8A6007DAC04 /* HackerEventUITestsLaunchTests.swift */; };
		82C31DEA2971ACBD0049B116 /* Appdependencies.swift in Sources */ = {isa = PBXBuildFile; fileRef = 82C31DE92971ACBD0049B116 /* Appdependencies.swift */; };
		82C31DED2971AD270049B116 /* HomeViewController.swift in Sources */ = {isa = PBXBuildFile; fileRef = 82C31DEB2971AD270049B116 /* HomeViewController.swift */; };
		82C31DEE2971AD270049B116 /* HomeViewController.xib in Resources */ = {isa = PBXBuildFile; fileRef = 82C31DEC2971AD270049B116 /* HomeViewController.xib */; };
/* End PBXBuildFile section */

/* Begin PBXContainerItemProxy section */
		8245A0552971A8A6007DAC04 /* PBXContainerItemProxy */ = {
			isa = PBXContainerItemProxy;
			containerPortal = 8245A0362971A8A4007DAC04 /* Project object */;
			proxyType = 1;
			remoteGlobalIDString = 8245A03D2971A8A4007DAC04;
			remoteInfo = HackerEvent;
		};
		8245A05F2971A8A6007DAC04 /* PBXContainerItemProxy */ = {
			isa = PBXContainerItemProxy;
			containerPortal = 8245A0362971A8A4007DAC04 /* Project object */;
			proxyType = 1;
			remoteGlobalIDString = 8245A03D2971A8A4007DAC04;
			remoteInfo = HackerEvent;
		};
/* End PBXContainerItemProxy section */

/* Begin PBXFileReference section */
		8245A03E2971A8A4007DAC04 /* HackerEvent.app */ = {isa = PBXFileReference; explicitFileType = wrapper.application; includeInIndex = 0; path = HackerEvent.app; sourceTree = BUILT_PRODUCTS_DIR; };
		8245A0412971A8A4007DAC04 /* AppDelegate.swift */ = {isa = PBXFileReference; lastKnownFileType = sourcecode.swift; path = AppDelegate.swift; sourceTree = "<group>"; };
		8245A0432971A8A4007DAC04 /* SceneDelegate.swift */ = {isa = PBXFileReference; lastKnownFileType = sourcecode.swift; path = SceneDelegate.swift; sourceTree = "<group>"; };
		8245A0452971A8A4007DAC04 /* ViewController.swift */ = {isa = PBXFileReference; lastKnownFileType = sourcecode.swift; path = ViewController.swift; sourceTree = "<group>"; };
		8245A04A2971A8A5007DAC04 /* Assets.xcassets */ = {isa = PBXFileReference; lastKnownFileType = folder.assetcatalog; path = Assets.xcassets; sourceTree = "<group>"; };
		8245A04D2971A8A5007DAC04 /* Base */ = {isa = PBXFileReference; lastKnownFileType = file.storyboard; name = Base; path = Base.lproj/LaunchScreen.storyboard; sourceTree = "<group>"; };
		8245A04F2971A8A5007DAC04 /* Info.plist */ = {isa = PBXFileReference; lastKnownFileType = text.plist.xml; path = Info.plist; sourceTree = "<group>"; };
		8245A0542971A8A6007DAC04 /* HackerEventTests.xctest */ = {isa = PBXFileReference; explicitFileType = wrapper.cfbundle; includeInIndex = 0; path = HackerEventTests.xctest; sourceTree = BUILT_PRODUCTS_DIR; };
		8245A0582971A8A6007DAC04 /* HackerEventTests.swift */ = {isa = PBXFileReference; lastKnownFileType = sourcecode.swift; path = HackerEventTests.swift; sourceTree = "<group>"; };
		8245A05E2971A8A6007DAC04 /* HackerEventUITests.xctest */ = {isa = PBXFileReference; explicitFileType = wrapper.cfbundle; includeInIndex = 0; path = HackerEventUITests.xctest; sourceTree = BUILT_PRODUCTS_DIR; };
		8245A0622971A8A6007DAC04 /* HackerEventUITests.swift */ = {isa = PBXFileReference; lastKnownFileType = sourcecode.swift; path = HackerEventUITests.swift; sourceTree = "<group>"; };
		8245A0642971A8A6007DAC04 /* HackerEventUITestsLaunchTests.swift */ = {isa = PBXFileReference; lastKnownFileType = sourcecode.swift; path = HackerEventUITestsLaunchTests.swift; sourceTree = "<group>"; };
		82C31DE92971ACBD0049B116 /* Appdependencies.swift */ = {isa = PBXFileReference; lastKnownFileType = sourcecode.swift; path = Appdependencies.swift; sourceTree = "<group>"; };
		82C31DEB2971AD270049B116 /* HomeViewController.swift */ = {isa = PBXFileReference; lastKnownFileType = sourcecode.swift; path = HomeViewController.swift; sourceTree = "<group>"; };
		82C31DEC2971AD270049B116 /* HomeViewController.xib */ = {isa = PBXFileReference; lastKnownFileType = file.xib; path = HomeViewController.xib; sourceTree = "<group>"; };
/* End PBXFileReference section */

/* Begin PBXFrameworksBuildPhase section */
		8245A03B2971A8A4007DAC04 /* Frameworks */ = {
			isa = PBXFrameworksBuildPhase;
			buildActionMask = 2147483647;
			files = (
			);
			runOnlyForDeploymentPostprocessing = 0;
		};
		8245A0512971A8A6007DAC04 /* Frameworks */ = {
			isa = PBXFrameworksBuildPhase;
			buildActionMask = 2147483647;
			files = (
			);
			runOnlyForDeploymentPostprocessing = 0;
		};
		8245A05B2971A8A6007DAC04 /* Frameworks */ = {
			isa = PBXFrameworksBuildPhase;
			buildActionMask = 2147483647;
			files = (
			);
			runOnlyForDeploymentPostprocessing = 0;
		};
/* End PBXFrameworksBuildPhase section */

/* Begin PBXGroup section */
		8245A0352971A8A4007DAC04 = {
			isa = PBXGroup;
			children = (
				8245A0402971A8A4007DAC04 /* HackerEvent */,
				8245A0572971A8A6007DAC04 /* HackerEventTests */,
				8245A0612971A8A6007DAC04 /* HackerEventUITests */,
				8245A03F2971A8A4007DAC04 /* Products */,
			);
			sourceTree = "<group>";
		};
		8245A03F2971A8A4007DAC04 /* Products */ = {
			isa = PBXGroup;
			children = (
				8245A03E2971A8A4007DAC04 /* HackerEvent.app */,
				8245A0542971A8A6007DAC04 /* HackerEventTests.xctest */,
				8245A05E2971A8A6007DAC04 /* HackerEventUITests.xctest */,
			);
			name = Products;
			sourceTree = "<group>";
		};
		8245A0402971A8A4007DAC04 /* HackerEvent */ = {
			isa = PBXGroup;
			children = (
				8245A0412971A8A4007DAC04 /* AppDelegate.swift */,
				8245A0432971A8A4007DAC04 /* SceneDelegate.swift */,
				82C31DE92971ACBD0049B116 /* Appdependencies.swift */,
				82C31DEB2971AD270049B116 /* HomeViewController.swift */,
				82C31DEC2971AD270049B116 /* HomeViewController.xib */,
				8245A0452971A8A4007DAC04 /* ViewController.swift */,
				8245A04A2971A8A5007DAC04 /* Assets.xcassets */,
				8245A04C2971A8A5007DAC04 /* LaunchScreen.storyboard */,
				8245A04F2971A8A5007DAC04 /* Info.plist */,
			);
			path = HackerEvent;
			sourceTree = "<group>";
		};
		8245A0572971A8A6007DAC04 /* HackerEventTests */ = {
			isa = PBXGroup;
			children = (
				8245A0582971A8A6007DAC04 /* HackerEventTests.swift */,
			);
			path = HackerEventTests;
			sourceTree = "<group>";
		};
		8245A0612971A8A6007DAC04 /* HackerEventUITests */ = {
			isa = PBXGroup;
			children = (
				8245A0622971A8A6007DAC04 /* HackerEventUITests.swift */,
				8245A0642971A8A6007DAC04 /* HackerEventUITestsLaunchTests.swift */,
			);
			path = HackerEventUITests;
			sourceTree = "<group>";
		};
/* End PBXGroup section */

/* Begin PBXNativeTarget section */
		8245A03D2971A8A4007DAC04 /* HackerEvent */ = {
			isa = PBXNativeTarget;
			buildConfigurationList = 8245A0682971A8A6007DAC04 /* Build configuration list for PBXNativeTarget "HackerEvent" */;
			buildPhases = (
				8245A03A2971A8A4007DAC04 /* Sources */,
				8245A03B2971A8A4007DAC04 /* Frameworks */,
				8245A03C2971A8A4007DAC04 /* Resources */,
			);
			buildRules = (
			);
			dependencies = (
			);
			name = HackerEvent;
			productName = HackerEvent;
			productReference = 8245A03E2971A8A4007DAC04 /* HackerEvent.app */;
			productType = "com.apple.product-type.application";
		};
		8245A0532971A8A6007DAC04 /* HackerEventTests */ = {
			isa = PBXNativeTarget;
			buildConfigurationList = 8245A06B2971A8A6007DAC04 /* Build configuration list for PBXNativeTarget "HackerEventTests" */;
			buildPhases = (
				8245A0502971A8A6007DAC04 /* Sources */,
				8245A0512971A8A6007DAC04 /* Frameworks */,
				8245A0522971A8A6007DAC04 /* Resources */,
			);
			buildRules = (
			);
			dependencies = (
				8245A0562971A8A6007DAC04 /* PBXTargetDependency */,
			);
			name = HackerEventTests;
			productName = HackerEventTests;
			productReference = 8245A0542971A8A6007DAC04 /* HackerEventTests.xctest */;
			productType = "com.apple.product-type.bundle.unit-test";
		};
		8245A05D2971A8A6007DAC04 /* HackerEventUITests */ = {
			isa = PBXNativeTarget;
			buildConfigurationList = 8245A06E2971A8A6007DAC04 /* Build configuration list for PBXNativeTarget "HackerEventUITests" */;
			buildPhases = (
				8245A05A2971A8A6007DAC04 /* Sources */,
				8245A05B2971A8A6007DAC04 /* Frameworks */,
				8245A05C2971A8A6007DAC04 /* Resources */,
			);
			buildRules = (
			);
			dependencies = (
				8245A0602971A8A6007DAC04 /* PBXTargetDependency */,
			);
			name = HackerEventUITests;
			productName = HackerEventUITests;
			productReference = 8245A05E2971A8A6007DAC04 /* HackerEventUITests.xctest */;
			productType = "com.apple.product-type.bundle.ui-testing";
		};
/* End PBXNativeTarget section */

/* Begin PBXProject section */
		8245A0362971A8A4007DAC04 /* Project object */ = {
			isa = PBXProject;
			attributes = {
				BuildIndependentTargetsInParallel = 1;
				LastSwiftUpdateCheck = 1420;
				LastUpgradeCheck = 1420;
				TargetAttributes = {
					8245A03D2971A8A4007DAC04 = {
						CreatedOnToolsVersion = 14.2;
					};
					8245A0532971A8A6007DAC04 = {
						CreatedOnToolsVersion = 14.2;
						TestTargetID = 8245A03D2971A8A4007DAC04;
					};
					8245A05D2971A8A6007DAC04 = {
						CreatedOnToolsVersion = 14.2;
						TestTargetID = 8245A03D2971A8A4007DAC04;
					};
				};
			};
			buildConfigurationList = 8245A0392971A8A4007DAC04 /* Build configuration list for PBXProject "HackerEvent" */;
			compatibilityVersion = "Xcode 14.0";
			developmentRegion = en;
			hasScannedForEncodings = 0;
			knownRegions = (
				en,
				Base,
			);
			mainGroup = 8245A0352971A8A4007DAC04;
			productRefGroup = 8245A03F2971A8A4007DAC04 /* Products */;
			projectDirPath = "";
			projectRoot = "";
			targets = (
				8245A03D2971A8A4007DAC04 /* HackerEvent */,
				8245A0532971A8A6007DAC04 /* HackerEventTests */,
				8245A05D2971A8A6007DAC04 /* HackerEventUITests */,
			);
		};
/* End PBXProject section */

/* Begin PBXResourcesBuildPhase section */
		8245A03C2971A8A4007DAC04 /* Resources */ = {
			isa = PBXResourcesBuildPhase;
			buildActionMask = 2147483647;
			files = (
				8245A04E2971A8A5007DAC04 /* LaunchScreen.storyboard in Resources */,
				8245A04B2971A8A5007DAC04 /* Assets.xcassets in Resources */,
				82C31DEE2971AD270049B116 /* HomeViewController.xib in Resources */,
			);
			runOnlyForDeploymentPostprocessing = 0;
		};
		8245A0522971A8A6007DAC04 /* Resources */ = {
			isa = PBXResourcesBuildPhase;
			buildActionMask = 2147483647;
			files = (
			);
			runOnlyForDeploymentPostprocessing = 0;
		};
		8245A05C2971A8A6007DAC04 /* Resources */ = {
			isa = PBXResourcesBuildPhase;
			buildActionMask = 2147483647;
			files = (
			);
			runOnlyForDeploymentPostprocessing = 0;
		};
/* End PBXResourcesBuildPhase section */

/* Begin PBXSourcesBuildPhase section */
		8245A03A2971A8A4007DAC04 /* Sources */ = {
			isa = PBXSourcesBuildPhase;
			buildActionMask = 2147483647;
			files = (
				82C31DED2971AD270049B116 /* HomeViewController.swift in Sources */,
				82C31DEA2971ACBD0049B116 /* Appdependencies.swift in Sources */,
				8245A0462971A8A4007DAC04 /* ViewController.swift in Sources */,
				8245A0422971A8A4007DAC04 /* AppDelegate.swift in Sources */,
				8245A0442971A8A4007DAC04 /* SceneDelegate.swift in Sources */,
			);
			runOnlyForDeploymentPostprocessing = 0;
		};
		8245A0502971A8A6007DAC04 /* Sources */ = {
			isa = PBXSourcesBuildPhase;
			buildActionMask = 2147483647;
			files = (
				8245A0592971A8A6007DAC04 /* HackerEventTests.swift in Sources */,
			);
			runOnlyForDeploymentPostprocessing = 0;
		};
		8245A05A2971A8A6007DAC04 /* Sources */ = {
			isa = PBXSourcesBuildPhase;
			buildActionMask = 2147483647;
			files = (
				8245A0632971A8A6007DAC04 /* HackerEventUITests.swift in Sources */,
				8245A0652971A8A6007DAC04 /* HackerEventUITestsLaunchTests.swift in Sources */,
			);
			runOnlyForDeploymentPostprocessing = 0;
		};
/* End PBXSourcesBuildPhase section */

/* Begin PBXTargetDependency section */
		8245A0562971A8A6007DAC04 /* PBXTargetDependency */ = {
			isa = PBXTargetDependency;
			target = 8245A03D2971A8A4007DAC04 /* HackerEvent */;
			targetProxy = 8245A0552971A8A6007DAC04 /* PBXContainerItemProxy */;
		};
		8245A0602971A8A6007DAC04 /* PBXTargetDependency */ = {
			isa = PBXTargetDependency;
			target = 8245A03D2971A8A4007DAC04 /* HackerEvent */;
			targetProxy = 8245A05F2971A8A6007DAC04 /* PBXContainerItemProxy */;
		};
/* End PBXTargetDependency section */

/* Begin PBXVariantGroup section */
		8245A04C2971A8A5007DAC04 /* LaunchScreen.storyboard */ = {
			isa = PBXVariantGroup;
			children = (
				8245A04D2971A8A5007DAC04 /* Base */,
			);
			name = LaunchScreen.storyboard;
			sourceTree = "<group>";
		};
/* End PBXVariantGroup section */

/* Begin XCBuildConfiguration section */
		8245A0662971A8A6007DAC04 /* Debug */ = {
			isa = XCBuildConfiguration;
			buildSettings = {
				ALWAYS_SEARCH_USER_PATHS = NO;
				CLANG_ANALYZER_NONNULL = YES;
				CLANG_ANALYZER_NUMBER_OBJECT_CONVERSION = YES_AGGRESSIVE;
				CLANG_CXX_LANGUAGE_STANDARD = "gnu++20";
				CLANG_ENABLE_MODULES = YES;
				CLANG_ENABLE_OBJC_ARC = YES;
				CLANG_ENABLE_OBJC_WEAK = YES;
				CLANG_WARN_BLOCK_CAPTURE_AUTORELEASING = YES;
				CLANG_WARN_BOOL_CONVERSION = YES;
				CLANG_WARN_COMMA = YES;
				CLANG_WARN_CONSTANT_CONVERSION = YES;
				CLANG_WARN_DEPRECATED_OBJC_IMPLEMENTATIONS = YES;
				CLANG_WARN_DIRECT_OBJC_ISA_USAGE = YES_ERROR;
				CLANG_WARN_DOCUMENTATION_COMMENTS = YES;
				CLANG_WARN_EMPTY_BODY = YES;
				CLANG_WARN_ENUM_CONVERSION = YES;
				CLANG_WARN_INFINITE_RECURSION = YES;
				CLANG_WARN_INT_CONVERSION = YES;
				CLANG_WARN_NON_LITERAL_NULL_CONVERSION = YES;
				CLANG_WARN_OBJC_IMPLICIT_RETAIN_SELF = YES;
				CLANG_WARN_OBJC_LITERAL_CONVERSION = YES;
				CLANG_WARN_OBJC_ROOT_CLASS = YES_ERROR;
				CLANG_WARN_QUOTED_INCLUDE_IN_FRAMEWORK_HEADER = YES;
				CLANG_WARN_RANGE_LOOP_ANALYSIS = YES;
				CLANG_WARN_STRICT_PROTOTYPES = YES;
				CLANG_WARN_SUSPICIOUS_MOVE = YES;
				CLANG_WARN_UNGUARDED_AVAILABILITY = YES_AGGRESSIVE;
				CLANG_WARN_UNREACHABLE_CODE = YES;
				CLANG_WARN__DUPLICATE_METHOD_MATCH = YES;
				COPY_PHASE_STRIP = NO;
				DEBUG_INFORMATION_FORMAT = dwarf;
				ENABLE_STRICT_OBJC_MSGSEND = YES;
				ENABLE_TESTABILITY = YES;
				GCC_C_LANGUAGE_STANDARD = gnu11;
				GCC_DYNAMIC_NO_PIC = NO;
				GCC_NO_COMMON_BLOCKS = YES;
				GCC_OPTIMIZATION_LEVEL = 0;
				GCC_PREPROCESSOR_DEFINITIONS = (
					"DEBUG=1",
					"$(inherited)",
				);
				GCC_WARN_64_TO_32_BIT_CONVERSION = YES;
				GCC_WARN_ABOUT_RETURN_TYPE = YES_ERROR;
				GCC_WARN_UNDECLARED_SELECTOR = YES;
				GCC_WARN_UNINITIALIZED_AUTOS = YES_AGGRESSIVE;
				GCC_WARN_UNUSED_FUNCTION = YES;
				GCC_WARN_UNUSED_VARIABLE = YES;
				IPHONEOS_DEPLOYMENT_TARGET = 16.2;
				MTL_ENABLE_DEBUG_INFO = INCLUDE_SOURCE;
				MTL_FAST_MATH = YES;
				ONLY_ACTIVE_ARCH = YES;
				SDKROOT = iphoneos;
				SWIFT_ACTIVE_COMPILATION_CONDITIONS = DEBUG;
				SWIFT_OPTIMIZATION_LEVEL = "-Onone";
			};
			name = Debug;
		};
		8245A0672971A8A6007DAC04 /* Release */ = {
			isa = XCBuildConfiguration;
			buildSettings = {
				ALWAYS_SEARCH_USER_PATHS = NO;
				CLANG_ANALYZER_NONNULL = YES;
				CLANG_ANALYZER_NUMBER_OBJECT_CONVERSION = YES_AGGRESSIVE;
				CLANG_CXX_LANGUAGE_STANDARD = "gnu++20";
				CLANG_ENABLE_MODULES = YES;
				CLANG_ENABLE_OBJC_ARC = YES;
				CLANG_ENABLE_OBJC_WEAK = YES;
				CLANG_WARN_BLOCK_CAPTURE_AUTORELEASING = YES;
				CLANG_WARN_BOOL_CONVERSION = YES;
				CLANG_WARN_COMMA = YES;
				CLANG_WARN_CONSTANT_CONVERSION = YES;
				CLANG_WARN_DEPRECATED_OBJC_IMPLEMENTATIONS = YES;
				CLANG_WARN_DIRECT_OBJC_ISA_USAGE = YES_ERROR;
				CLANG_WARN_DOCUMENTATION_COMMENTS = YES;
				CLANG_WARN_EMPTY_BODY = YES;
				CLANG_WARN_ENUM_CONVERSION = YES;
				CLANG_WARN_INFINITE_RECURSION = YES;
				CLANG_WARN_INT_CONVERSION = YES;
				CLANG_WARN_NON_LITERAL_NULL_CONVERSION = YES;
				CLANG_WARN_OBJC_IMPLICIT_RETAIN_SELF = YES;
				CLANG_WARN_OBJC_LITERAL_CONVERSION = YES;
				CLANG_WARN_OBJC_ROOT_CLASS = YES_ERROR;
				CLANG_WARN_QUOTED_INCLUDE_IN_FRAMEWORK_HEADER = YES;
				CLANG_WARN_RANGE_LOOP_ANALYSIS = YES;
				CLANG_WARN_STRICT_PROTOTYPES = YES;
				CLANG_WARN_SUSPICIOUS_MOVE = YES;
				CLANG_WARN_UNGUARDED_AVAILABILITY = YES_AGGRESSIVE;
				CLANG_WARN_UNREACHABLE_CODE = YES;
				CLANG_WARN__DUPLICATE_METHOD_MATCH = YES;
				COPY_PHASE_STRIP = NO;
				DEBUG_INFORMATION_FORMAT = "dwarf-with-dsym";
				ENABLE_NS_ASSERTIONS = NO;
				ENABLE_STRICT_OBJC_MSGSEND = YES;
				GCC_C_LANGUAGE_STANDARD = gnu11;
				GCC_NO_COMMON_BLOCKS = YES;
				GCC_WARN_64_TO_32_BIT_CONVERSION = YES;
				GCC_WARN_ABOUT_RETURN_TYPE = YES_ERROR;
				GCC_WARN_UNDECLARED_SELECTOR = YES;
				GCC_WARN_UNINITIALIZED_AUTOS = YES_AGGRESSIVE;
				GCC_WARN_UNUSED_FUNCTION = YES;
				GCC_WARN_UNUSED_VARIABLE = YES;
				IPHONEOS_DEPLOYMENT_TARGET = 16.2;
				MTL_ENABLE_DEBUG_INFO = NO;
				MTL_FAST_MATH = YES;
				SDKROOT = iphoneos;
				SWIFT_COMPILATION_MODE = wholemodule;
				SWIFT_OPTIMIZATION_LEVEL = "-O";
				VALIDATE_PRODUCT = YES;
			};
			name = Release;
		};
		8245A0692971A8A6007DAC04 /* Debug */ = {
			isa = XCBuildConfiguration;
			buildSettings = {
				ASSETCATALOG_COMPILER_APPICON_NAME = AppIcon;
				ASSETCATALOG_COMPILER_GLOBAL_ACCENT_COLOR_NAME = AccentColor;
				CODE_SIGN_STYLE = Automatic;
				CURRENT_PROJECT_VERSION = 1;
				DEVELOPMENT_TEAM = 5T788DKPH5;
				GENERATE_INFOPLIST_FILE = YES;
				INFOPLIST_FILE = HackerEvent/Info.plist;
				INFOPLIST_KEY_UIApplicationSupportsIndirectInputEvents = YES;
				INFOPLIST_KEY_UILaunchStoryboardName = LaunchScreen;
				INFOPLIST_KEY_UIMainStoryboardFile = "";
				INFOPLIST_KEY_UISupportedInterfaceOrientations_iPad = "UIInterfaceOrientationPortrait UIInterfaceOrientationPortraitUpsideDown UIInterfaceOrientationLandscapeLeft UIInterfaceOrientationLandscapeRight";
				INFOPLIST_KEY_UISupportedInterfaceOrientations_iPhone = "UIInterfaceOrientationPortrait UIInterfaceOrientationLandscapeLeft UIInterfaceOrientationLandscapeRight";
				LD_RUNPATH_SEARCH_PATHS = (
					"$(inherited)",
					"@executable_path/Frameworks",
				);
				MARKETING_VERSION = 1.0;
				PRODUCT_BUNDLE_IDENTIFIER = Mobelite.HackerEvent;
				PRODUCT_NAME = "$(TARGET_NAME)";
				SWIFT_EMIT_LOC_STRINGS = YES;
				SWIFT_VERSION = 5.0;
				TARGETED_DEVICE_FAMILY = "1,2";
			};
			name = Debug;
		};
		8245A06A2971A8A6007DAC04 /* Release */ = {
			isa = XCBuildConfiguration;
			buildSettings = {
				ASSETCATALOG_COMPILER_APPICON_NAME = AppIcon;
				ASSETCATALOG_COMPILER_GLOBAL_ACCENT_COLOR_NAME = AccentColor;
				CODE_SIGN_STYLE = Automatic;
				CURRENT_PROJECT_VERSION = 1;
				DEVELOPMENT_TEAM = 5T788DKPH5;
				GENERATE_INFOPLIST_FILE = YES;
				INFOPLIST_FILE = HackerEvent/Info.plist;
				INFOPLIST_KEY_UIApplicationSupportsIndirectInputEvents = YES;
				INFOPLIST_KEY_UILaunchStoryboardName = LaunchScreen;
				INFOPLIST_KEY_UIMainStoryboardFile = "";
				INFOPLIST_KEY_UISupportedInterfaceOrientations_iPad = "UIInterfaceOrientationPortrait UIInterfaceOrientationPortraitUpsideDown UIInterfaceOrientationLandscapeLeft UIInterfaceOrientationLandscapeRight";
				INFOPLIST_KEY_UISupportedInterfaceOrientations_iPhone = "UIInterfaceOrientationPortrait UIInterfaceOrientationLandscapeLeft UIInterfaceOrientationLandscapeRight";
				LD_RUNPATH_SEARCH_PATHS = (
					"$(inherited)",
					"@executable_path/Frameworks",
				);
				MARKETING_VERSION = 1.0;
				PRODUCT_BUNDLE_IDENTIFIER = Mobelite.HackerEvent;
				PRODUCT_NAME = "$(TARGET_NAME)";
				SWIFT_EMIT_LOC_STRINGS = YES;
				SWIFT_VERSION = 5.0;
				TARGETED_DEVICE_FAMILY = "1,2";
			};
			name = Release;
		};
		8245A06C2971A8A6007DAC04 /* Debug */ = {
			isa = XCBuildConfiguration;
			buildSettings = {
				ALWAYS_EMBED_SWIFT_STANDARD_LIBRARIES = YES;
				BUNDLE_LOADER = "$(TEST_HOST)";
				CODE_SIGN_STYLE = Automatic;
				CURRENT_PROJECT_VERSION = 1;
				DEVELOPMENT_TEAM = 5T788DKPH5;
				GENERATE_INFOPLIST_FILE = YES;
				IPHONEOS_DEPLOYMENT_TARGET = 16.2;
				MARKETING_VERSION = 1.0;
				PRODUCT_BUNDLE_IDENTIFIER = Mobelite.HackerEventTests;
				PRODUCT_NAME = "$(TARGET_NAME)";
				SWIFT_EMIT_LOC_STRINGS = NO;
				SWIFT_VERSION = 5.0;
				TARGETED_DEVICE_FAMILY = "1,2";
				TEST_HOST = "$(BUILT_PRODUCTS_DIR)/HackerEvent.app/$(BUNDLE_EXECUTABLE_FOLDER_PATH)/HackerEvent";
			};
			name = Debug;
		};
		8245A06D2971A8A6007DAC04 /* Release */ = {
			isa = XCBuildConfiguration;
			buildSettings = {
				ALWAYS_EMBED_SWIFT_STANDARD_LIBRARIES = YES;
				BUNDLE_LOADER = "$(TEST_HOST)";
				CODE_SIGN_STYLE = Automatic;
				CURRENT_PROJECT_VERSION = 1;
				DEVELOPMENT_TEAM = 5T788DKPH5;
				GENERATE_INFOPLIST_FILE = YES;
				IPHONEOS_DEPLOYMENT_TARGET = 16.2;
				MARKETING_VERSION = 1.0;
				PRODUCT_BUNDLE_IDENTIFIER = Mobelite.HackerEventTests;
				PRODUCT_NAME = "$(TARGET_NAME)";
				SWIFT_EMIT_LOC_STRINGS = NO;
				SWIFT_VERSION = 5.0;
				TARGETED_DEVICE_FAMILY = "1,2";
				TEST_HOST = "$(BUILT_PRODUCTS_DIR)/HackerEvent.app/$(BUNDLE_EXECUTABLE_FOLDER_PATH)/HackerEvent";
			};
			name = Release;
		};
		8245A06F2971A8A6007DAC04 /* Debug */ = {
			isa = XCBuildConfiguration;
			buildSettings = {
				ALWAYS_EMBED_SWIFT_STANDARD_LIBRARIES = YES;
				CODE_SIGN_STYLE = Automatic;
				CURRENT_PROJECT_VERSION = 1;
				DEVELOPMENT_TEAM = 5T788DKPH5;
				GENERATE_INFOPLIST_FILE = YES;
				MARKETING_VERSION = 1.0;
				PRODUCT_BUNDLE_IDENTIFIER = Mobelite.HackerEventUITests;
				PRODUCT_NAME = "$(TARGET_NAME)";
				SWIFT_EMIT_LOC_STRINGS = NO;
				SWIFT_VERSION = 5.0;
				TARGETED_DEVICE_FAMILY = "1,2";
				TEST_TARGET_NAME = HackerEvent;
			};
			name = Debug;
		};
		8245A0702971A8A6007DAC04 /* Release */ = {
			isa = XCBuildConfiguration;
			buildSettings = {
				ALWAYS_EMBED_SWIFT_STANDARD_LIBRARIES = YES;
				CODE_SIGN_STYLE = Automatic;
				CURRENT_PROJECT_VERSION = 1;
				DEVELOPMENT_TEAM = 5T788DKPH5;
				GENERATE_INFOPLIST_FILE = YES;
				MARKETING_VERSION = 1.0;
				PRODUCT_BUNDLE_IDENTIFIER = Mobelite.HackerEventUITests;
				PRODUCT_NAME = "$(TARGET_NAME)";
				SWIFT_EMIT_LOC_STRINGS = NO;
				SWIFT_VERSION = 5.0;
				TARGETED_DEVICE_FAMILY = "1,2";
				TEST_TARGET_NAME = HackerEvent;
			};
			name = Release;
		};
/* End XCBuildConfiguration section */

/* Begin XCConfigurationList section */
		8245A0392971A8A4007DAC04 /* Build configuration list for PBXProject "HackerEvent" */ = {
			isa = XCConfigurationList;
			buildConfigurations = (
				8245A0662971A8A6007DAC04 /* Debug */,
				8245A0672971A8A6007DAC04 /* Release */,
			);
			defaultConfigurationIsVisible = 0;
			defaultConfigurationName = Release;
		};
		8245A0682971A8A6007DAC04 /* Build configuration list for PBXNativeTarget "HackerEvent" */ = {
			isa = XCConfigurationList;
			buildConfigurations = (
				8245A0692971A8A6007DAC04 /* Debug */,
				8245A06A2971A8A6007DAC04 /* Release */,
			);
			defaultConfigurationIsVisible = 0;
			defaultConfigurationName = Release;
		};
		8245A06B2971A8A6007DAC04 /* Build configuration list for PBXNativeTarget "HackerEventTests" */ = {
			isa = XCConfigurationList;
			buildConfigurations = (
				8245A06C2971A8A6007DAC04 /* Debug */,
				8245A06D2971A8A6007DAC04 /* Release */,
			);
			defaultConfigurationIsVisible = 0;
			defaultConfigurationName = Release;
		};
		8245A06E2971A8A6007DAC04 /* Build configuration list for PBXNativeTarget "HackerEventUITests" */ = {
			isa = XCConfigurationList;
			buildConfigurations = (
				8245A06F2971A8A6007DAC04 /* Debug */,
				8245A0702971A8A6007DAC04 /* Release */,
			);
			defaultConfigurationIsVisible = 0;
			defaultConfigurationName = Release;
		};
/* End XCConfigurationList section */
	};
	rootObject = 8245A0362971A8A4007DAC04 /* Project object */;
}
